// !$*UTF8*$!
{
	archiveVersion = 1;
	classes = {
	};
	objectVersion = 50;
	objects = {

/* Begin PBXBuildFile section */
		327A93C02219500A00842DA7 /* AppDelegate.swift in Sources */ = {isa = PBXBuildFile; fileRef = 327A93BF2219500A00842DA7 /* AppDelegate.swift */; };
		327A93C22219500A00842DA7 /* art.scnassets in Resources */ = {isa = PBXBuildFile; fileRef = 327A93C12219500A00842DA7 /* art.scnassets */; };
		327A93C42219500A00842DA7 /* ViewController.swift in Sources */ = {isa = PBXBuildFile; fileRef = 327A93C32219500A00842DA7 /* ViewController.swift */; };
		327A93C72219500A00842DA7 /* Main.storyboard in Resources */ = {isa = PBXBuildFile; fileRef = 327A93C52219500A00842DA7 /* Main.storyboard */; };
		327A93C92219500B00842DA7 /* Assets.xcassets in Resources */ = {isa = PBXBuildFile; fileRef = 327A93C82219500B00842DA7 /* Assets.xcassets */; };
		327A93CC2219500B00842DA7 /* LaunchScreen.storyboard in Resources */ = {isa = PBXBuildFile; fileRef = 327A93CA2219500B00842DA7 /* LaunchScreen.storyboard */; };
		327A93D72219500B00842DA7 /* _D_Preview_DemoTests.swift in Sources */ = {isa = PBXBuildFile; fileRef = 327A93D62219500B00842DA7 /* _D_Preview_DemoTests.swift */; };
		327A93E22219500B00842DA7 /* _D_Preview_DemoUITests.swift in Sources */ = {isa = PBXBuildFile; fileRef = 327A93E12219500B00842DA7 /* _D_Preview_DemoUITests.swift */; };
		327A93F0221952DC00842DA7 /* ModelListViewController.swift in Sources */ = {isa = PBXBuildFile; fileRef = 327A93EF221952DC00842DA7 /* ModelListViewController.swift */; };
		327A93F22219532A00842DA7 /* ModelCell.swift in Sources */ = {isa = PBXBuildFile; fileRef = 327A93F12219532A00842DA7 /* ModelCell.swift */; };
		327A940D2219547F00842DA7 /* wheelbarrow.usdz in Resources */ = {isa = PBXBuildFile; fileRef = 327A94052219547F00842DA7 /* wheelbarrow.usdz */; };
		327A940E2219547F00842DA7 /* wateringcan.usdz in Resources */ = {isa = PBXBuildFile; fileRef = 327A94062219547F00842DA7 /* wateringcan.usdz */; };
		327A940F2219547F00842DA7 /* teapot.usdz in Resources */ = {isa = PBXBuildFile; fileRef = 327A94072219547F00842DA7 /* teapot.usdz */; };
		327A94102219547F00842DA7 /* gramophone.usdz in Resources */ = {isa = PBXBuildFile; fileRef = 327A94082219547F00842DA7 /* gramophone.usdz */; };
		327A94112219547F00842DA7 /* cupandsaucer.usdz in Resources */ = {isa = PBXBuildFile; fileRef = 327A94092219547F00842DA7 /* cupandsaucer.usdz */; };
		327A94122219547F00842DA7 /* redchair.usdz in Resources */ = {isa = PBXBuildFile; fileRef = 327A940A2219547F00842DA7 /* redchair.usdz */; };
		327A94132219547F00842DA7 /* tulip.usdz in Resources */ = {isa = PBXBuildFile; fileRef = 327A940B2219547F00842DA7 /* tulip.usdz */; };
		327A94142219547F00842DA7 /* plantpot.usdz in Resources */ = {isa = PBXBuildFile; fileRef = 327A940C2219547F00842DA7 /* plantpot.usdz */; };
/* End PBXBuildFile section */

/* Begin PBXContainerItemProxy section */
		327A93D32219500B00842DA7 /* PBXContainerItemProxy */ = {
			isa = PBXContainerItemProxy;
			containerPortal = 327A93B42219500A00842DA7 /* Project object */;
			proxyType = 1;
			remoteGlobalIDString = 327A93BB2219500A00842DA7;
			remoteInfo = "3D-Preview-Demo";
		};
		327A93DE2219500B00842DA7 /* PBXContainerItemProxy */ = {
			isa = PBXContainerItemProxy;
			containerPortal = 327A93B42219500A00842DA7 /* Project object */;
			proxyType = 1;
			remoteGlobalIDString = 327A93BB2219500A00842DA7;
			remoteInfo = "3D-Preview-Demo";
		};
/* End PBXContainerItemProxy section */

/* Begin PBXFileReference section */
		327A93BC2219500A00842DA7 /* 3D-Preview-Demo.app */ = {isa = PBXFileReference; explicitFileType = wrapper.application; includeInIndex = 0; path = "3D-Preview-Demo.app"; sourceTree = BUILT_PRODUCTS_DIR; };
		327A93BF2219500A00842DA7 /* AppDelegate.swift */ = {isa = PBXFileReference; lastKnownFileType = sourcecode.swift; path = AppDelegate.swift; sourceTree = "<group>"; };
		327A93C12219500A00842DA7 /* art.scnassets */ = {isa = PBXFileReference; lastKnownFileType = wrapper.scnassets; path = art.scnassets; sourceTree = "<group>"; };
		327A93C32219500A00842DA7 /* ViewController.swift */ = {isa = PBXFileReference; lastKnownFileType = sourcecode.swift; path = ViewController.swift; sourceTree = "<group>"; };
		327A93C62219500A00842DA7 /* Base */ = {isa = PBXFileReference; lastKnownFileType = file.storyboard; name = Base; path = Base.lproj/Main.storyboard; sourceTree = "<group>"; };
		327A93C82219500B00842DA7 /* Assets.xcassets */ = {isa = PBXFileReference; lastKnownFileType = folder.assetcatalog; path = Assets.xcassets; sourceTree = "<group>"; };
		327A93CB2219500B00842DA7 /* Base */ = {isa = PBXFileReference; lastKnownFileType = file.storyboard; name = Base; path = Base.lproj/LaunchScreen.storyboard; sourceTree = "<group>"; };
		327A93CD2219500B00842DA7 /* Info.plist */ = {isa = PBXFileReference; lastKnownFileType = text.plist.xml; path = Info.plist; sourceTree = "<group>"; };
		327A93D22219500B00842DA7 /* 3D-Preview-DemoTests.xctest */ = {isa = PBXFileReference; explicitFileType = wrapper.cfbundle; includeInIndex = 0; path = "3D-Preview-DemoTests.xctest"; sourceTree = BUILT_PRODUCTS_DIR; };
		327A93D62219500B00842DA7 /* _D_Preview_DemoTests.swift */ = {isa = PBXFileReference; lastKnownFileType = sourcecode.swift; path = _D_Preview_DemoTests.swift; sourceTree = "<group>"; };
		327A93D82219500B00842DA7 /* Info.plist */ = {isa = PBXFileReference; lastKnownFileType = text.plist.xml; path = Info.plist; sourceTree = "<group>"; };
		327A93DD2219500B00842DA7 /* 3D-Preview-DemoUITests.xctest */ = {isa = PBXFileReference; explicitFileType = wrapper.cfbundle; includeInIndex = 0; path = "3D-Preview-DemoUITests.xctest"; sourceTree = BUILT_PRODUCTS_DIR; };
		327A93E12219500B00842DA7 /* _D_Preview_DemoUITests.swift */ = {isa = PBXFileReference; lastKnownFileType = sourcecode.swift; path = _D_Preview_DemoUITests.swift; sourceTree = "<group>"; };
		327A93E32219500B00842DA7 /* Info.plist */ = {isa = PBXFileReference; lastKnownFileType = text.plist.xml; path = Info.plist; sourceTree = "<group>"; };
		327A93EF221952DC00842DA7 /* ModelListViewController.swift */ = {isa = PBXFileReference; lastKnownFileType = sourcecode.swift; path = ModelListViewController.swift; sourceTree = "<group>"; };
		327A93F12219532A00842DA7 /* ModelCell.swift */ = {isa = PBXFileReference; lastKnownFileType = sourcecode.swift; path = ModelCell.swift; sourceTree = "<group>"; };
		327A94052219547F00842DA7 /* wheelbarrow.usdz */ = {isa = PBXFileReference; lastKnownFileType = file; path = wheelbarrow.usdz; sourceTree = "<group>"; };
		327A94062219547F00842DA7 /* wateringcan.usdz */ = {isa = PBXFileReference; lastKnownFileType = file; path = wateringcan.usdz; sourceTree = "<group>"; };
		327A94072219547F00842DA7 /* teapot.usdz */ = {isa = PBXFileReference; lastKnownFileType = file; path = teapot.usdz; sourceTree = "<group>"; };
		327A94082219547F00842DA7 /* gramophone.usdz */ = {isa = PBXFileReference; lastKnownFileType = file; path = gramophone.usdz; sourceTree = "<group>"; };
		327A94092219547F00842DA7 /* cupandsaucer.usdz */ = {isa = PBXFileReference; lastKnownFileType = file; path = cupandsaucer.usdz; sourceTree = "<group>"; };
		327A940A2219547F00842DA7 /* redchair.usdz */ = {isa = PBXFileReference; lastKnownFileType = file; path = redchair.usdz; sourceTree = "<group>"; };
		327A940B2219547F00842DA7 /* tulip.usdz */ = {isa = PBXFileReference; lastKnownFileType = file; path = tulip.usdz; sourceTree = "<group>"; };
		327A940C2219547F00842DA7 /* plantpot.usdz */ = {isa = PBXFileReference; lastKnownFileType = file; path = plantpot.usdz; sourceTree = "<group>"; };
/* End PBXFileReference section */

/* Begin PBXFrameworksBuildPhase section */
		327A93B92219500A00842DA7 /* Frameworks */ = {
			isa = PBXFrameworksBuildPhase;
			buildActionMask = 2147483647;
			files = (
			);
			runOnlyForDeploymentPostprocessing = 0;
		};
		327A93CF2219500B00842DA7 /* Frameworks */ = {
			isa = PBXFrameworksBuildPhase;
			buildActionMask = 2147483647;
			files = (
			);
			runOnlyForDeploymentPostprocessing = 0;
		};
		327A93DA2219500B00842DA7 /* Frameworks */ = {
			isa = PBXFrameworksBuildPhase;
			buildActionMask = 2147483647;
			files = (
			);
			runOnlyForDeploymentPostprocessing = 0;
		};
/* End PBXFrameworksBuildPhase section */

/* Begin PBXGroup section */
		327A93B32219500A00842DA7 = {
			isa = PBXGroup;
			children = (
				327A93BE2219500A00842DA7 /* 3D-Preview-Demo */,
				327A93D52219500B00842DA7 /* 3D-Preview-DemoTests */,
				327A93E02219500B00842DA7 /* 3D-Preview-DemoUITests */,
				327A93BD2219500A00842DA7 /* Products */,
			);
			sourceTree = "<group>";
		};
		327A93BD2219500A00842DA7 /* Products */ = {
			isa = PBXGroup;
			children = (
				327A93BC2219500A00842DA7 /* 3D-Preview-Demo.app */,
				327A93D22219500B00842DA7 /* 3D-Preview-DemoTests.xctest */,
				327A93DD2219500B00842DA7 /* 3D-Preview-DemoUITests.xctest */,
			);
			name = Products;
			sourceTree = "<group>";
		};
		327A93BE2219500A00842DA7 /* 3D-Preview-Demo */ = {
			isa = PBXGroup;
			children = (
				327A94042219547F00842DA7 /* USDZ */,
				327A93BF2219500A00842DA7 /* AppDelegate.swift */,
				327A93C12219500A00842DA7 /* art.scnassets */,
				327A93C32219500A00842DA7 /* ViewController.swift */,
				327A93C52219500A00842DA7 /* Main.storyboard */,
				327A93C82219500B00842DA7 /* Assets.xcassets */,
				327A93CA2219500B00842DA7 /* LaunchScreen.storyboard */,
				327A93CD2219500B00842DA7 /* Info.plist */,
				327A93EF221952DC00842DA7 /* ModelListViewController.swift */,
				327A93F12219532A00842DA7 /* ModelCell.swift */,
			);
			path = "3D-Preview-Demo";
			sourceTree = "<group>";
		};
		327A93D52219500B00842DA7 /* 3D-Preview-DemoTests */ = {
			isa = PBXGroup;
			children = (
				327A93D62219500B00842DA7 /* _D_Preview_DemoTests.swift */,
				327A93D82219500B00842DA7 /* Info.plist */,
			);
			path = "3D-Preview-DemoTests";
			sourceTree = "<group>";
		};
		327A93E02219500B00842DA7 /* 3D-Preview-DemoUITests */ = {
			isa = PBXGroup;
			children = (
				327A93E12219500B00842DA7 /* _D_Preview_DemoUITests.swift */,
				327A93E32219500B00842DA7 /* Info.plist */,
			);
			path = "3D-Preview-DemoUITests";
			sourceTree = "<group>";
		};
		327A94042219547F00842DA7 /* USDZ */ = {
			isa = PBXGroup;
			children = (
				327A94052219547F00842DA7 /* wheelbarrow.usdz */,
				327A94062219547F00842DA7 /* wateringcan.usdz */,
				327A94072219547F00842DA7 /* teapot.usdz */,
				327A94082219547F00842DA7 /* gramophone.usdz */,
				327A94092219547F00842DA7 /* cupandsaucer.usdz */,
				327A940A2219547F00842DA7 /* redchair.usdz */,
				327A940B2219547F00842DA7 /* tulip.usdz */,
				327A940C2219547F00842DA7 /* plantpot.usdz */,
			);
			path = USDZ;
			sourceTree = "<group>";
		};
/* End PBXGroup section */

/* Begin PBXNativeTarget section */
		327A93BB2219500A00842DA7 /* 3D-Preview-Demo */ = {
			isa = PBXNativeTarget;
			buildConfigurationList = 327A93E62219500B00842DA7 /* Build configuration list for PBXNativeTarget "3D-Preview-Demo" */;
			buildPhases = (
				327A93B82219500A00842DA7 /* Sources */,
				327A93B92219500A00842DA7 /* Frameworks */,
				327A93BA2219500A00842DA7 /* Resources */,
			);
			buildRules = (
			);
			dependencies = (
			);
			name = "3D-Preview-Demo";
			productName = "3D-Preview-Demo";
			productReference = 327A93BC2219500A00842DA7 /* 3D-Preview-Demo.app */;
			productType = "com.apple.product-type.application";
		};
		327A93D12219500B00842DA7 /* 3D-Preview-DemoTests */ = {
			isa = PBXNativeTarget;
			buildConfigurationList = 327A93E92219500B00842DA7 /* Build configuration list for PBXNativeTarget "3D-Preview-DemoTests" */;
			buildPhases = (
				327A93CE2219500B00842DA7 /* Sources */,
				327A93CF2219500B00842DA7 /* Frameworks */,
				327A93D02219500B00842DA7 /* Resources */,
			);
			buildRules = (
			);
			dependencies = (
				327A93D42219500B00842DA7 /* PBXTargetDependency */,
			);
			name = "3D-Preview-DemoTests";
			productName = "3D-Preview-DemoTests";
			productReference = 327A93D22219500B00842DA7 /* 3D-Preview-DemoTests.xctest */;
			productType = "com.apple.product-type.bundle.unit-test";
		};
		327A93DC2219500B00842DA7 /* 3D-Preview-DemoUITests */ = {
			isa = PBXNativeTarget;
			buildConfigurationList = 327A93EC2219500B00842DA7 /* Build configuration list for PBXNativeTarget "3D-Preview-DemoUITests" */;
			buildPhases = (
				327A93D92219500B00842DA7 /* Sources */,
				327A93DA2219500B00842DA7 /* Frameworks */,
				327A93DB2219500B00842DA7 /* Resources */,
			);
			buildRules = (
			);
			dependencies = (
				327A93DF2219500B00842DA7 /* PBXTargetDependency */,
			);
			name = "3D-Preview-DemoUITests";
			productName = "3D-Preview-DemoUITests";
			productReference = 327A93DD2219500B00842DA7 /* 3D-Preview-DemoUITests.xctest */;
			productType = "com.apple.product-type.bundle.ui-testing";
		};
/* End PBXNativeTarget section */

/* Begin PBXProject section */
		327A93B42219500A00842DA7 /* Project object */ = {
			isa = PBXProject;
			attributes = {
				LastSwiftUpdateCheck = 1010;
				LastUpgradeCheck = 1010;
				ORGANIZATIONNAME = fangcha;
				TargetAttributes = {
					327A93BB2219500A00842DA7 = {
						CreatedOnToolsVersion = 10.1;
					};
					327A93D12219500B00842DA7 = {
						CreatedOnToolsVersion = 10.1;
						TestTargetID = 327A93BB2219500A00842DA7;
					};
					327A93DC2219500B00842DA7 = {
						CreatedOnToolsVersion = 10.1;
						TestTargetID = 327A93BB2219500A00842DA7;
					};
				};
			};
			buildConfigurationList = 327A93B72219500A00842DA7 /* Build configuration list for PBXProject "3D-Preview-Demo" */;
			compatibilityVersion = "Xcode 9.3";
			developmentRegion = en;
			hasScannedForEncodings = 0;
			knownRegions = (
				en,
				Base,
			);
			mainGroup = 327A93B32219500A00842DA7;
			productRefGroup = 327A93BD2219500A00842DA7 /* Products */;
			projectDirPath = "";
			projectRoot = "";
			targets = (
				327A93BB2219500A00842DA7 /* 3D-Preview-Demo */,
				327A93D12219500B00842DA7 /* 3D-Preview-DemoTests */,
				327A93DC2219500B00842DA7 /* 3D-Preview-DemoUITests */,
			);
		};
/* End PBXProject section */

/* Begin PBXResourcesBuildPhase section */
		327A93BA2219500A00842DA7 /* Resources */ = {
			isa = PBXResourcesBuildPhase;
			buildActionMask = 2147483647;
			files = (
				327A93C22219500A00842DA7 /* art.scnassets in Resources */,
				327A93CC2219500B00842DA7 /* LaunchScreen.storyboard in Resources */,
				327A940D2219547F00842DA7 /* wheelbarrow.usdz in Resources */,
				327A94102219547F00842DA7 /* gramophone.usdz in Resources */,
				327A940F2219547F00842DA7 /* teapot.usdz in Resources */,
				327A94122219547F00842DA7 /* redchair.usdz in Resources */,
				327A940E2219547F00842DA7 /* wateringcan.usdz in Resources */,
				327A93C92219500B00842DA7 /* Assets.xcassets in Resources */,
				327A94112219547F00842DA7 /* cupandsaucer.usdz in Resources */,
				327A94132219547F00842DA7 /* tulip.usdz in Resources */,
				327A93C72219500A00842DA7 /* Main.storyboard in Resources */,
				327A94142219547F00842DA7 /* plantpot.usdz in Resources */,
			);
			runOnlyForDeploymentPostprocessing = 0;
		};
		327A93D02219500B00842DA7 /* Resources */ = {
			isa = PBXResourcesBuildPhase;
			buildActionMask = 2147483647;
			files = (
			);
			runOnlyForDeploymentPostprocessing = 0;
		};
		327A93DB2219500B00842DA7 /* Resources */ = {
			isa = PBXResourcesBuildPhase;
			buildActionMask = 2147483647;
			files = (
			);
			runOnlyForDeploymentPostprocessing = 0;
		};
/* End PBXResourcesBuildPhase section */

/* Begin PBXSourcesBuildPhase section */
		327A93B82219500A00842DA7 /* Sources */ = {
			isa = PBXSourcesBuildPhase;
			buildActionMask = 2147483647;
			files = (
				327A93F0221952DC00842DA7 /* ModelListViewController.swift in Sources */,
				327A93C42219500A00842DA7 /* ViewController.swift in Sources */,
				327A93C02219500A00842DA7 /* AppDelegate.swift in Sources */,
				327A93F22219532A00842DA7 /* ModelCell.swift in Sources */,
			);
			runOnlyForDeploymentPostprocessing = 0;
		};
		327A93CE2219500B00842DA7 /* Sources */ = {
			isa = PBXSourcesBuildPhase;
			buildActionMask = 2147483647;
			files = (
				327A93D72219500B00842DA7 /* _D_Preview_DemoTests.swift in Sources */,
			);
			runOnlyForDeploymentPostprocessing = 0;
		};
		327A93D92219500B00842DA7 /* Sources */ = {
			isa = PBXSourcesBuildPhase;
			buildActionMask = 2147483647;
			files = (
				327A93E22219500B00842DA7 /* _D_Preview_DemoUITests.swift in Sources */,
			);
			runOnlyForDeploymentPostprocessing = 0;
		};
/* End PBXSourcesBuildPhase section */

/* Begin PBXTargetDependency section */
		327A93D42219500B00842DA7 /* PBXTargetDependency */ = {
			isa = PBXTargetDependency;
			target = 327A93BB2219500A00842DA7 /* 3D-Preview-Demo */;
			targetProxy = 327A93D32219500B00842DA7 /* PBXContainerItemProxy */;
		};
		327A93DF2219500B00842DA7 /* PBXTargetDependency */ = {
			isa = PBXTargetDependency;
			target = 327A93BB2219500A00842DA7 /* 3D-Preview-Demo */;
			targetProxy = 327A93DE2219500B00842DA7 /* PBXContainerItemProxy */;
		};
/* End PBXTargetDependency section */

/* Begin PBXVariantGroup section */
		327A93C52219500A00842DA7 /* Main.storyboard */ = {
			isa = PBXVariantGroup;
			children = (
				327A93C62219500A00842DA7 /* Base */,
			);
			name = Main.storyboard;
			sourceTree = "<group>";
		};
		327A93CA2219500B00842DA7 /* LaunchScreen.storyboard */ = {
			isa = PBXVariantGroup;
			children = (
				327A93CB2219500B00842DA7 /* Base */,
			);
			name = LaunchScreen.storyboard;
			sourceTree = "<group>";
		};
/* End PBXVariantGroup section */

/* Begin XCBuildConfiguration section */
		327A93E42219500B00842DA7 /* Debug */ = {
			isa = XCBuildConfiguration;
			buildSettings = {
				ALWAYS_SEARCH_USER_PATHS = NO;
				CLANG_ANALYZER_NONNULL = YES;
				CLANG_ANALYZER_NUMBER_OBJECT_CONVERSION = YES_AGGRESSIVE;
				CLANG_CXX_LANGUAGE_STANDARD = "gnu++14";
				CLANG_CXX_LIBRARY = "libc++";
				CLANG_ENABLE_MODULES = YES;
				CLANG_ENABLE_OBJC_ARC = YES;
				CLANG_ENABLE_OBJC_WEAK = YES;
				CLANG_WARN_BLOCK_CAPTURE_AUTORELEASING = YES;
				CLANG_WARN_BOOL_CONVERSION = YES;
				CLANG_WARN_COMMA = YES;
				CLANG_WARN_CONSTANT_CONVERSION = YES;
				CLANG_WARN_DEPRECATED_OBJC_IMPLEMENTATIONS = YES;
				CLANG_WARN_DIRECT_OBJC_ISA_USAGE = YES_ERROR;
				CLANG_WARN_DOCUMENTATION_COMMENTS = YES;
				CLANG_WARN_EMPTY_BODY = YES;
				CLANG_WARN_ENUM_CONVERSION = YES;
				CLANG_WARN_INFINITE_RECURSION = YES;
				CLANG_WARN_INT_CONVERSION = YES;
				CLANG_WARN_NON_LITERAL_NULL_CONVERSION = YES;
				CLANG_WARN_OBJC_IMPLICIT_RETAIN_SELF = YES;
				CLANG_WARN_OBJC_LITERAL_CONVERSION = YES;
				CLANG_WARN_OBJC_ROOT_CLASS = YES_ERROR;
				CLANG_WARN_RANGE_LOOP_ANALYSIS = YES;
				CLANG_WARN_STRICT_PROTOTYPES = YES;
				CLANG_WARN_SUSPICIOUS_MOVE = YES;
				CLANG_WARN_UNGUARDED_AVAILABILITY = YES_AGGRESSIVE;
				CLANG_WARN_UNREACHABLE_CODE = YES;
				CLANG_WARN__DUPLICATE_METHOD_MATCH = YES;
				CODE_SIGN_IDENTITY = "iPhone Developer";
				COPY_PHASE_STRIP = NO;
				DEBUG_INFORMATION_FORMAT = dwarf;
				ENABLE_STRICT_OBJC_MSGSEND = YES;
				ENABLE_TESTABILITY = YES;
				GCC_C_LANGUAGE_STANDARD = gnu11;
				GCC_DYNAMIC_NO_PIC = NO;
				GCC_NO_COMMON_BLOCKS = YES;
				GCC_OPTIMIZATION_LEVEL = 0;
				GCC_PREPROCESSOR_DEFINITIONS = (
					"DEBUG=1",
					"$(inherited)",
				);
				GCC_WARN_64_TO_32_BIT_CONVERSION = YES;
				GCC_WARN_ABOUT_RETURN_TYPE = YES_ERROR;
				GCC_WARN_UNDECLARED_SELECTOR = YES;
				GCC_WARN_UNINITIALIZED_AUTOS = YES_AGGRESSIVE;
				GCC_WARN_UNUSED_FUNCTION = YES;
				GCC_WARN_UNUSED_VARIABLE = YES;
				IPHONEOS_DEPLOYMENT_TARGET = 12.1;
				MTL_ENABLE_DEBUG_INFO = INCLUDE_SOURCE;
				MTL_FAST_MATH = YES;
				ONLY_ACTIVE_ARCH = YES;
				SDKROOT = iphoneos;
				SWIFT_ACTIVE_COMPILATION_CONDITIONS = DEBUG;
				SWIFT_OPTIMIZATION_LEVEL = "-Onone";
			};
			name = Debug;
		};
		327A93E52219500B00842DA7 /* Release */ = {
			isa = XCBuildConfiguration;
			buildSettings = {
				ALWAYS_SEARCH_USER_PATHS = NO;
				CLANG_ANALYZER_NONNULL = YES;
				CLANG_ANALYZER_NUMBER_OBJECT_CONVERSION = YES_AGGRESSIVE;
				CLANG_CXX_LANGUAGE_STANDARD = "gnu++14";
				CLANG_CXX_LIBRARY = "libc++";
				CLANG_ENABLE_MODULES = YES;
				CLANG_ENABLE_OBJC_ARC = YES;
				CLANG_ENABLE_OBJC_WEAK = YES;
				CLANG_WARN_BLOCK_CAPTURE_AUTORELEASING = YES;
				CLANG_WARN_BOOL_CONVERSION = YES;
				CLANG_WARN_COMMA = YES;
				CLANG_WARN_CONSTANT_CONVERSION = YES;
				CLANG_WARN_DEPRECATED_OBJC_IMPLEMENTATIONS = YES;
				CLANG_WARN_DIRECT_OBJC_ISA_USAGE = YES_ERROR;
				CLANG_WARN_DOCUMENTATION_COMMENTS = YES;
				CLANG_WARN_EMPTY_BODY = YES;
				CLANG_WARN_ENUM_CONVERSION = YES;
				CLANG_WARN_INFINITE_RECURSION = YES;
				CLANG_WARN_INT_CONVERSION = YES;
				CLANG_WARN_NON_LITERAL_NULL_CONVERSION = YES;
				CLANG_WARN_OBJC_IMPLICIT_RETAIN_SELF = YES;
				CLANG_WARN_OBJC_LITERAL_CONVERSION = YES;
				CLANG_WARN_OBJC_ROOT_CLASS = YES_ERROR;
				CLANG_WARN_RANGE_LOOP_ANALYSIS = YES;
				CLANG_WARN_STRICT_PROTOTYPES = YES;
				CLANG_WARN_SUSPICIOUS_MOVE = YES;
				CLANG_WARN_UNGUARDED_AVAILABILITY = YES_AGGRESSIVE;
				CLANG_WARN_UNREACHABLE_CODE = YES;
				CLANG_WARN__DUPLICATE_METHOD_MATCH = YES;
				CODE_SIGN_IDENTITY = "iPhone Developer";
				COPY_PHASE_STRIP = NO;
				DEBUG_INFORMATION_FORMAT = "dwarf-with-dsym";
				ENABLE_NS_ASSERTIONS = NO;
				ENABLE_STRICT_OBJC_MSGSEND = YES;
				GCC_C_LANGUAGE_STANDARD = gnu11;
				GCC_NO_COMMON_BLOCKS = YES;
				GCC_WARN_64_TO_32_BIT_CONVERSION = YES;
				GCC_WARN_ABOUT_RETURN_TYPE = YES_ERROR;
				GCC_WARN_UNDECLARED_SELECTOR = YES;
				GCC_WARN_UNINITIALIZED_AUTOS = YES_AGGRESSIVE;
				GCC_WARN_UNUSED_FUNCTION = YES;
				GCC_WARN_UNUSED_VARIABLE = YES;
				IPHONEOS_DEPLOYMENT_TARGET = 12.1;
				MTL_ENABLE_DEBUG_INFO = NO;
				MTL_FAST_MATH = YES;
				SDKROOT = iphoneos;
				SWIFT_COMPILATION_MODE = wholemodule;
				SWIFT_OPTIMIZATION_LEVEL = "-O";
				VALIDATE_PRODUCT = YES;
			};
			name = Release;
		};
		327A93E72219500B00842DA7 /* Debug */ = {
			isa = XCBuildConfiguration;
			buildSettings = {
				ASSETCATALOG_COMPILER_APPICON_NAME = AppIcon;
				CODE_SIGN_STYLE = Automatic;
				DEVELOPMENT_TEAM = E8ZLTQ6SJH;
				INFOPLIST_FILE = "3D-Preview-Demo/Info.plist";
				LD_RUNPATH_SEARCH_PATHS = (
					"$(inherited)",
					"@executable_path/Frameworks",
				);
				PRODUCT_BUNDLE_IDENTIFIER = me.fangcha.demo.3d.preview;
				PRODUCT_NAME = "$(TARGET_NAME)";
				SWIFT_VERSION = 4.2;
				TARGETED_DEVICE_FAMILY = "1,2";
			};
			name = Debug;
		};
		327A93E82219500B00842DA7 /* Release */ = {
			isa = XCBuildConfiguration;
			buildSettings = {
				ASSETCATALOG_COMPILER_APPICON_NAME = AppIcon;
				CODE_SIGN_STYLE = Automatic;
				DEVELOPMENT_TEAM = E8ZLTQ6SJH;
				INFOPLIST_FILE = "3D-Preview-Demo/Info.plist";
				LD_RUNPATH_SEARCH_PATHS = (
					"$(inherited)",
					"@executable_path/Frameworks",
				);
				PRODUCT_BUNDLE_IDENTIFIER = me.fangcha.demo.3d.preview;
				PRODUCT_NAME = "$(TARGET_NAME)";
				SWIFT_VERSION = 4.2;
				TARGETED_DEVICE_FAMILY = "1,2";
			};
			name = Release;
		};
		327A93EA2219500B00842DA7 /* Debug */ = {
			isa = XCBuildConfiguration;
			buildSettings = {
				ALWAYS_EMBED_SWIFT_STANDARD_LIBRARIES = YES;
				BUNDLE_LOADER = "$(TEST_HOST)";
				CODE_SIGN_STYLE = Automatic;
				DEVELOPMENT_TEAM = E8ZLTQ6SJH;
				INFOPLIST_FILE = "3D-Preview-DemoTests/Info.plist";
				LD_RUNPATH_SEARCH_PATHS = (
					"$(inherited)",
					"@executable_path/Frameworks",
					"@loader_path/Frameworks",
				);
				PRODUCT_BUNDLE_IDENTIFIER = "me.fangcha.-D-Preview-DemoTests";
				PRODUCT_NAME = "$(TARGET_NAME)";
				SWIFT_VERSION = 4.2;
				TARGETED_DEVICE_FAMILY = "1,2";
				TEST_HOST = "$(BUILT_PRODUCTS_DIR)/3D-Preview-Demo.app/3D-Preview-Demo";
			};
			name = Debug;
		};
		327A93EB2219500B00842DA7 /* Release */ = {
			isa = XCBuildConfiguration;
			buildSettings = {
				ALWAYS_EMBED_SWIFT_STANDARD_LIBRARIES = YES;
				BUNDLE_LOADER = "$(TEST_HOST)";
				CODE_SIGN_STYLE = Automatic;
				DEVELOPMENT_TEAM = E8ZLTQ6SJH;
				INFOPLIST_FILE = "3D-Preview-DemoTests/Info.plist";
				LD_RUNPATH_SEARCH_PATHS = (
					"$(inherited)",
					"@executable_path/Frameworks",
					"@loader_path/Frameworks",
				);
				PRODUCT_BUNDLE_IDENTIFIER = "me.fangcha.-D-Preview-DemoTests";
				PRODUCT_NAME = "$(TARGET_NAME)";
				SWIFT_VERSION = 4.2;
				TARGETED_DEVICE_FAMILY = "1,2";
				TEST_HOST = "$(BUILT_PRODUCTS_DIR)/3D-Preview-Demo.app/3D-Preview-Demo";
			};
			name = Release;
		};
		327A93ED2219500B00842DA7 /* Debug */ = {
			isa = XCBuildConfiguration;
			buildSettings = {
				ALWAYS_EMBED_SWIFT_STANDARD_LIBRARIES = YES;
				CODE_SIGN_STYLE = Automatic;
				DEVELOPMENT_TEAM = E8ZLTQ6SJH;
				INFOPLIST_FILE = "3D-Preview-DemoUITests/Info.plist";
				LD_RUNPATH_SEARCH_PATHS = (
					"$(inherited)",
					"@executable_path/Frameworks",
					"@loader_path/Frameworks",
				);
				PRODUCT_BUNDLE_IDENTIFIER = "me.fangcha.-D-Preview-DemoUITests";
				PRODUCT_NAME = "$(TARGET_NAME)";
				SWIFT_VERSION = 4.2;
				TARGETED_DEVICE_FAMILY = "1,2";
				TEST_TARGET_NAME = "3D-Preview-Demo";
			};
			name = Debug;
		};
		327A93EE2219500B00842DA7 /* Release */ = {
			isa = XCBuildConfiguration;
			buildSettings = {
				ALWAYS_EMBED_SWIFT_STANDARD_LIBRARIES = YES;
				CODE_SIGN_STYLE = Automatic;
				DEVELOPMENT_TEAM = E8ZLTQ6SJH;
				INFOPLIST_FILE = "3D-Preview-DemoUITests/Info.plist";
				LD_RUNPATH_SEARCH_PATHS = (
					"$(inherited)",
					"@executable_path/Frameworks",
					"@loader_path/Frameworks",
				);
				PRODUCT_BUNDLE_IDENTIFIER = "me.fangcha.-D-Preview-DemoUITests";
				PRODUCT_NAME = "$(TARGET_NAME)";
				SWIFT_VERSION = 4.2;
				TARGETED_DEVICE_FAMILY = "1,2";
				TEST_TARGET_NAME = "3D-Preview-Demo";
			};
			name = Release;
		};
/* End XCBuildConfiguration section */

/* Begin XCConfigurationList section */
		327A93B72219500A00842DA7 /* Build configuration list for PBXProject "3D-Preview-Demo" */ = {
			isa = XCConfigurationList;
			buildConfigurations = (
				327A93E42219500B00842DA7 /* Debug */,
				327A93E52219500B00842DA7 /* Release */,
			);
			defaultConfigurationIsVisible = 0;
			defaultConfigurationName = Release;
		};
		327A93E62219500B00842DA7 /* Build configuration list for PBXNativeTarget "3D-Preview-Demo" */ = {
			isa = XCConfigurationList;
			buildConfigurations = (
				327A93E72219500B00842DA7 /* Debug */,
				327A93E82219500B00842DA7 /* Release */,
			);
			defaultConfigurationIsVisible = 0;
			defaultConfigurationName = Release;
		};
		327A93E92219500B00842DA7 /* Build configuration list for PBXNativeTarget "3D-Preview-DemoTests" */ = {
			isa = XCConfigurationList;
			buildConfigurations = (
				327A93EA2219500B00842DA7 /* Debug */,
				327A93EB2219500B00842DA7 /* Release */,
			);
			defaultConfigurationIsVisible = 0;
			defaultConfigurationName = Release;
		};
		327A93EC2219500B00842DA7 /* Build configuration list for PBXNativeTarget "3D-Preview-DemoUITests" */ = {
			isa = XCConfigurationList;
			buildConfigurations = (
				327A93ED2219500B00842DA7 /* Debug */,
				327A93EE2219500B00842DA7 /* Release */,
			);
			defaultConfigurationIsVisible = 0;
			defaultConfigurationName = Release;
		};
/* End XCConfigurationList section */
	};
	rootObject = 327A93B42219500A00842DA7 /* Project object */;
}
